hash: ccf2238658148c3a1f011163fada6ee89469c189cda96cbb3f77469bf57d6315
updated: 2018-04-24T20:49:48.154913644+03:00
imports:
- name: github.com/labstack/echo
  version: 6d227dfea4d2e52cb76856120b3c17f758139b4e
- name: github.com/labstack/gommon
  version: 3bc2d333a4c30531c47051369043bcabd62ff4c0
  subpackages:
  - color
  - log
- name: github.com/mattn/go-colorable
  version: efa589957cd060542a26d2dd7832fd6a6c6c3ade
- name: github.com/mattn/go-isatty
  version: 6ca4dbf54d38eea1a992b3c722a76a5d1c4cb25c
- name: github.com/nikepan/go-datastructures
  version: 6e483a429c7b8d45d5487bcad780d0caa3a82146
  subpackages:
  - queue
- name: github.com/valyala/bytebufferpool
  version: e746df99fe4a3986f4d4f79e13c1e0117ce9c2f7
- name: github.com/valyala/fasttemplate
  version: dcecefd839c4193db0d35b88ec65b4c12d360ab0
- name: golang.org/x/crypto
  version: 2b6c08872f4b66da917bb4ce98df4f0307330f78
  subpackages:
  - acme
  - acme/autocert
- name: golang.org/x/sys
  version: 79b0c6888797020a994db17c8510466c72fe75d9
  subpackages:
  - unix
testImports:
- name: github.com/davecgh/go-spew
  version: 8991bc29aa16c548c550c7ff78260e27b9ab7c73
  subpackages:
  - spew
- name: github.com/pmezard/go-difflib
  version: 792786c7400a136282c1664665ae0a8db921c6c2
  subpackages:
  - difflib
- name: github.com/stretchr/testify
  version: 12b6f73e6084dad08a7c6e575284b177ecafbc71
  subpackages:
  - assert
